{
  "requires": true,
  "lockfileVersion": 1,
  "dependencies": {
    "double-bits": {
      "version": "1.1.1",
      "resolved": "https://registry.npmjs.org/double-bits/-/double-bits-1.1.1.tgz",
      "integrity": "sha1-WKu6RUlNpND6Nrc60RoobJGEscY="
    },
    "extend": {
      "version": "3.0.1",
      "resolved": "https://registry.npmjs.org/extend/-/extend-3.0.1.tgz",
      "integrity": "sha1-p1Xqe8Gt/MWjHOfnYtuq3F5jZEQ="
    },
    "interval-arithmetic": {
      "version": "0.6.10",
      "resolved": "https://registry.npmjs.org/interval-arithmetic/-/interval-arithmetic-0.6.10.tgz",
      "integrity": "sha512-fnwnv0KgRuhHNoTGga5vPHypW0iypRpRPpejsevskM03uX4/A7Ph1C9IdDMHRyQwppchBNDxmcBWxiHrIc1ktA==",
      "requires": {
        "is-safe-integer": "1.0.2",
        "nextafter": "1.0.0",
        "typedarray": "0.0.6",
        "xtend": "4.0.1"
      }
    },
    "interval-arithmetic-eval": {
      "version": "0.4.6",
      "resolved": "https://registry.npmjs.org/interval-arithmetic-eval/-/interval-arithmetic-eval-0.4.6.tgz",
      "integrity": "sha1-fhRkA8PIHLE4v9pnyQKMc+vtyPk=",
      "requires": {
        "interval-arithmetic": "0.6.10",
        "math-codegen": "0.3.5"
      }
    },
    "is-safe-integer": {
      "version": "1.0.2",
      "resolved": "https://registry.npmjs.org/is-safe-integer/-/is-safe-integer-1.0.2.tgz",
      "integrity": "sha1-yi3gJR9WRAj512MMKOLgLOGOoKo=",
      "requires": {
        "max-safe-integer": "1.0.1"
      }
    },
    "math-codegen": {
      "version": "0.3.5",
      "resolved": "https://registry.npmjs.org/math-codegen/-/math-codegen-0.3.5.tgz",
      "integrity": "sha1-R5nuRnfe0Ud2bQA8ykt4ee3UDMo=",
      "requires": {
        "extend": "3.0.1",
        "mr-parser": "0.2.1"
      }
    },
    "max-safe-integer": {
      "version": "1.0.1",
      "resolved": "https://registry.npmjs.org/max-safe-integer/-/max-safe-integer-1.0.1.tgz",
      "integrity": "sha1-84BgvixWPYwC5tSK85Ei/YO29BA="
    },
    "mr-parser": {
      "version": "0.2.1",
      "resolved": "https://registry.npmjs.org/mr-parser/-/mr-parser-0.2.1.tgz",
      "integrity": "sha1-hhi5ukF+KOn0OaQcaVtVTq/u2Sc="
    },
    "nextafter": {
      "version": "1.0.0",
      "resolved": "https://registry.npmjs.org/nextafter/-/nextafter-1.0.0.tgz",
      "integrity": "sha1-t9d7U1MQ4+CX5gJauwqQNHfsGjo=",
      "requires": {
        "double-bits": "1.1.1"
      }
    },
    "typedarray": {
      "version": "0.0.6",
      "resolved": "https://registry.npmjs.org/typedarray/-/typedarray-0.0.6.tgz",
      "integrity": "sha1-hnrHTjhkGHsdPUfZlqeOxciDB3c="
    },
    "xtend": {
      "version": "4.0.1",
      "resolved": "https://registry.npmjs.org/xtend/-/xtend-4.0.1.tgz",
      "integrity": "sha1-pcbVMr5lbiPbgg77lDofBJmNY68="
    }
  }
}
